
Microsoft Visual Studio Solution File, Format Version 12.00
# Visual Studio 15
VisualStudioVersion = 15.0.28307.539
MinimumVisualStudioVersion = 10.0.40219.1
Project("{FAE04EC0-301F-11D3-BF4B-00C04F79EFBC}") = "ShopHungVuong.Web", "ShopHungVuong.Web\ShopHungVuong.Web.csproj", "{2FFB5D5D-19E3-4937-BAF4-9A16C41E6AE1}"
EndProject
Project("{FAE04EC0-301F-11D3-BF4B-00C04F79EFBC}") = "DataAccess", "DataAccess\DataAccess.csproj", "{960D2EA3-78A6-4319-9198-9068DEE75315}"
EndProject
Project("{FAE04EC0-301F-11D3-BF4B-00C04F79EFBC}") = "Common", "Common\Common.csproj", "{387910CA-9DB9-44B5-BF1B-1ACA10BE69BB}"
EndProject
Global
	GlobalSection(SolutionConfigurationPlatforms) = preSolution
		Debug|Any CPU = Debug|Any CPU
		Release|Any CPU = Release|Any CPU
	EndGlobalSection
	GlobalSection(ProjectConfigurationPlatforms) = postSolution
		{2FFB5D5D-19E3-4937-BAF4-9A16C41E6AE1}.Debug|Any CPU.ActiveCfg = Debug|Any CPU
		{2FFB5D5D-19E3-4937-BAF4-9A16C41E6AE1}.Debug|Any CPU.Build.0 = Debug|Any CPU
		{2FFB5D5D-19E3-4937-BAF4-9A16C41E6AE1}.Release|Any CPU.ActiveCfg = Release|Any CPU
		{2FFB5D5D-19E3-4937-BAF4-9A16C41E6AE1}.Release|Any CPU.Build.0 = Release|Any CPU
		{960D2EA3-78A6-4319-9198-9068DEE75315}.Debug|Any CPU.ActiveCfg = Debug|Any CPU
		{960D2EA3-78A6-4319-9198-9068DEE75315}.Debug|Any CPU.Build.0 = Debug|Any CPU
		{960D2EA3-78A6-4319-9198-9068DEE75315}.Release|Any CPU.ActiveCfg = Release|Any CPU
		{960D2EA3-78A6-4319-9198-9068DEE75315}.Release|Any CPU.Build.0 = Release|Any CPU
		{387910CA-9DB9-44B5-BF1B-1ACA10BE69BB}.Debug|Any CPU.ActiveCfg = Debug|Any CPU
		{387910CA-9DB9-44B5-BF1B-1ACA10BE69BB}.Debug|Any CPU.Build.0 = Debug|Any CPU
		{387910CA-9DB9-44B5-BF1B-1ACA10BE69BB}.Release|Any CPU.ActiveCfg = Release|Any CPU
		{387910CA-9DB9-44B5-BF1B-1ACA10BE69BB}.Release|Any CPU.Build.0 = Release|Any CPU
	EndGlobalSection
	GlobalSection(SolutionProperties) = preSolution
		HideSolutionNode = FALSE
	EndGlobalSection
	GlobalSection(ExtensibilityGlobals) = postSolution
		SolutionGuid = {C3BB47B3-425F-4153-8FE8-78941A466CFA}
	EndGlobalSection
EndGlobal
